
Microsoft Visual Studio Solution File, Format Version 12.00
# Visual Studio Version 16
VisualStudioVersion = 16.0.28729.10
MinimumVisualStudioVersion = 10.0.40219.1
Project("{FAE04EC0-301F-11D3-BF4B-00C04F79EFBC}") = "Example", "Example\Example.csproj", "{4DC2B1CE-9627-4716-A39D-7EEDCC0DDFFF}"
EndProject
Global
	GlobalSection(SolutionConfigurationPlatforms) = preSolution
		Debug|Any CPU = Debug|Any CPU
		Release|Any CPU = Release|Any CPU
	EndGlobalSection
	GlobalSection(ProjectConfigurationPlatforms) = postSolution
		{4DC2B1CE-9627-4716-A39D-7EEDCC0DDFFF}.Debug|Any CPU.ActiveCfg = Debug|Any CPU
		{4DC2B1CE-9627-4716-A39D-7EEDCC0DDFFF}.Debug|Any CPU.Build.0 = Debug|Any CPU
		{4DC2B1CE-9627-4716-A39D-7EEDCC0DDFFF}.Release|Any CPU.ActiveCfg = Release|Any CPU
		{4DC2B1CE-9627-4716-A39D-7EEDCC0DDFFF}.Release|Any CPU.Build.0 = Release|Any CPU
	EndGlobalSection
	GlobalSection(SolutionProperties) = preSolution
		HideSolutionNode = FALSE
	EndGlobalSection
	GlobalSection(ExtensibilityGlobals) = postSolution
		SolutionGuid = {F2F9557F-B9B1-4052-9963-D42BFA734DAC}
	EndGlobalSection
EndGlobal
